// !$*UTF8*$!
{
	archiveVersion = 1;
	classes = {
	};
	objectVersion = 46;
	objects = {

/* Begin PBXBuildFile section */
		94482C6D1C701EBD0007AA9F /* GroupChatInterfaceController.m in Sources */ = {isa = PBXBuildFile; fileRef = 94482C6C1C701EBD0007AA9F /* GroupChatInterfaceController.m */; };
		94BCD3D11C7007E30008F7E8 /* main.m in Sources */ = {isa = PBXBuildFile; fileRef = 94BCD3D01C7007E30008F7E8 /* main.m */; };
		94BCD3D41C7007E30008F7E8 /* AppDelegate.m in Sources */ = {isa = PBXBuildFile; fileRef = 94BCD3D31C7007E30008F7E8 /* AppDelegate.m */; };
		94BCD3D71C7007E30008F7E8 /* ViewController.m in Sources */ = {isa = PBXBuildFile; fileRef = 94BCD3D61C7007E30008F7E8 /* ViewController.m */; };
		94BCD3DA1C7007E30008F7E8 /* Main.storyboard in Resources */ = {isa = PBXBuildFile; fileRef = 94BCD3D81C7007E30008F7E8 /* Main.storyboard */; };
		94BCD3DC1C7007E30008F7E8 /* Assets.xcassets in Resources */ = {isa = PBXBuildFile; fileRef = 94BCD3DB1C7007E30008F7E8 /* Assets.xcassets */; };
		94BCD3DF1C7007E30008F7E8 /* LaunchScreen.storyboard in Resources */ = {isa = PBXBuildFile; fileRef = 94BCD3DD1C7007E30008F7E8 /* LaunchScreen.storyboard */; };
		94BCD3EA1C7007E30008F7E8 /* GroupMeTests.m in Sources */ = {isa = PBXBuildFile; fileRef = 94BCD3E91C7007E30008F7E8 /* GroupMeTests.m */; };
		94BCD3F51C7007E30008F7E8 /* GroupMeUITests.m in Sources */ = {isa = PBXBuildFile; fileRef = 94BCD3F41C7007E30008F7E8 /* GroupMeUITests.m */; };
		94BCD4031C7008990008F7E8 /* Constants.plist in Resources */ = {isa = PBXBuildFile; fileRef = 94BCD4021C7008980008F7E8 /* Constants.plist */; };
		94BCD4061C7008CB0008F7E8 /* GroupMeAPIManager.m in Sources */ = {isa = PBXBuildFile; fileRef = 94BCD4051C7008CB0008F7E8 /* GroupMeAPIManager.m */; };
		94BCD44D1C700C7F0008F7E8 /* InterfaceController.m in Sources */ = {isa = PBXBuildFile; fileRef = 94BCD44C1C700C7F0008F7E8 /* InterfaceController.m */; };
		94BCD4501C700C7F0008F7E8 /* NotificationController.m in Sources */ = {isa = PBXBuildFile; fileRef = 94BCD44F1C700C7F0008F7E8 /* NotificationController.m */; };
		94BCD4521C700C7F0008F7E8 /* Assets.xcassets in Resources */ = {isa = PBXBuildFile; fileRef = 94BCD4511C700C7F0008F7E8 /* Assets.xcassets */; };
		94BCD4571C700C7F0008F7E8 /* GroupMe WatchKit 1 App.app in Resources */ = {isa = PBXBuildFile; fileRef = 94BCD4561C700C7F0008F7E8 /* GroupMe WatchKit 1 App.app */; };
		94BCD45D1C700C7F0008F7E8 /* Interface.storyboard in Resources */ = {isa = PBXBuildFile; fileRef = 94BCD45B1C700C7F0008F7E8 /* Interface.storyboard */; };
		94BCD45F1C700C7F0008F7E8 /* Assets.xcassets in Resources */ = {isa = PBXBuildFile; fileRef = 94BCD45E1C700C7F0008F7E8 /* Assets.xcassets */; };
		94BCD4631C700C7F0008F7E8 /* GroupMe WatchKit 1 Extension.appex in Embed App Extensions */ = {isa = PBXBuildFile; fileRef = 94BCD4471C700C7F0008F7E8 /* GroupMe WatchKit 1 Extension.appex */; settings = {ATTRIBUTES = (RemoveHeadersOnCopy, ); }; };
		94BCD46D1C700C9D0008F7E8 /* GroupConversationsInterfaceController.m in Sources */ = {isa = PBXBuildFile; fileRef = 94BCD46C1C700C9D0008F7E8 /* GroupConversationsInterfaceController.m */; };
		94BCD4761C700CF90008F7E8 /* GroupRowView.m in Sources */ = {isa = PBXBuildFile; fileRef = 94BCD4701C700CF90008F7E8 /* GroupRowView.m */; };
		94BCD4771C700CF90008F7E8 /* MyMessagesView.m in Sources */ = {isa = PBXBuildFile; fileRef = 94BCD4721C700CF90008F7E8 /* MyMessagesView.m */; };
		94BCD4781C700CF90008F7E8 /* OtherPersonMessagesView.m in Sources */ = {isa = PBXBuildFile; fileRef = 94BCD4741C700CF90008F7E8 /* OtherPersonMessagesView.m */; };
		94BCD47B1C700F0F0008F7E8 /* Constants.m in Sources */ = {isa = PBXBuildFile; fileRef = 94BCD47A1C700F0F0008F7E8 /* Constants.m */; };
/* End PBXBuildFile section */

/* Begin PBXContainerItemProxy section */
		94BCD3E61C7007E30008F7E8 /* PBXContainerItemProxy */ = {
			isa = PBXContainerItemProxy;
			containerPortal = 94BCD3C41C7007E30008F7E8 /* Project object */;
			proxyType = 1;
			remoteGlobalIDString = 94BCD3CB1C7007E30008F7E8;
			remoteInfo = GroupMe;
		};
		94BCD3F11C7007E30008F7E8 /* PBXContainerItemProxy */ = {
			isa = PBXContainerItemProxy;
			containerPortal = 94BCD3C41C7007E30008F7E8 /* Project object */;
			proxyType = 1;
			remoteGlobalIDString = 94BCD3CB1C7007E30008F7E8;
			remoteInfo = GroupMe;
		};
		94BCD4581C700C7F0008F7E8 /* PBXContainerItemProxy */ = {
			isa = PBXContainerItemProxy;
			containerPortal = 94BCD3C41C7007E30008F7E8 /* Project object */;
			proxyType = 1;
			remoteGlobalIDString = 94BCD4551C700C7F0008F7E8;
			remoteInfo = "GroupMe WatchKit 1 App";
		};
		94BCD4611C700C7F0008F7E8 /* PBXContainerItemProxy */ = {
			isa = PBXContainerItemProxy;
			containerPortal = 94BCD3C41C7007E30008F7E8 /* Project object */;
			proxyType = 1;
			remoteGlobalIDString = 94BCD4461C700C7F0008F7E8;
			remoteInfo = "GroupMe WatchKit 1 Extension";
		};
/* End PBXContainerItemProxy section */

/* Begin PBXCopyFilesBuildPhase section */
		94BCD46A1C700C7F0008F7E8 /* Embed App Extensions */ = {
			isa = PBXCopyFilesBuildPhase;
			buildActionMask = 2147483647;
			dstPath = "";
			dstSubfolderSpec = 13;
			files = (
				94BCD4631C700C7F0008F7E8 /* GroupMe WatchKit 1 Extension.appex in Embed App Extensions */,
			);
			name = "Embed App Extensions";
			runOnlyForDeploymentPostprocessing = 0;
		};
/* End PBXCopyFilesBuildPhase section */

/* Begin PBXFileReference section */
		94482C6B1C701EBD0007AA9F /* GroupChatInterfaceController.h */ = {isa = PBXFileReference; fileEncoding = 4; lastKnownFileType = sourcecode.c.h; path = GroupChatInterfaceController.h; sourceTree = "<group>"; };
		94482C6C1C701EBD0007AA9F /* GroupChatInterfaceController.m */ = {isa = PBXFileReference; fileEncoding = 4; lastKnownFileType = sourcecode.c.objc; path = GroupChatInterfaceController.m; sourceTree = "<group>"; };
		94BCD3CC1C7007E30008F7E8 /* GroupMe.app */ = {isa = PBXFileReference; explicitFileType = wrapper.application; includeInIndex = 0; path = GroupMe.app; sourceTree = BUILT_PRODUCTS_DIR; };
		94BCD3D01C7007E30008F7E8 /* main.m */ = {isa = PBXFileReference; lastKnownFileType = sourcecode.c.objc; path = main.m; sourceTree = "<group>"; };
		94BCD3D21C7007E30008F7E8 /* AppDelegate.h */ = {isa = PBXFileReference; lastKnownFileType = sourcecode.c.h; path = AppDelegate.h; sourceTree = "<group>"; };
		94BCD3D31C7007E30008F7E8 /* AppDelegate.m */ = {isa = PBXFileReference; lastKnownFileType = sourcecode.c.objc; path = AppDelegate.m; sourceTree = "<group>"; };
		94BCD3D51C7007E30008F7E8 /* ViewController.h */ = {isa = PBXFileReference; lastKnownFileType = sourcecode.c.h; path = ViewController.h; sourceTree = "<group>"; };
		94BCD3D61C7007E30008F7E8 /* ViewController.m */ = {isa = PBXFileReference; lastKnownFileType = sourcecode.c.objc; path = ViewController.m; sourceTree = "<group>"; };
		94BCD3D91C7007E30008F7E8 /* Base */ = {isa = PBXFileReference; lastKnownFileType = file.storyboard; name = Base; path = Base.lproj/Main.storyboard; sourceTree = "<group>"; };
		94BCD3DB1C7007E30008F7E8 /* Assets.xcassets */ = {isa = PBXFileReference; lastKnownFileType = folder.assetcatalog; path = Assets.xcassets; sourceTree = "<group>"; };
		94BCD3DE1C7007E30008F7E8 /* Base */ = {isa = PBXFileReference; lastKnownFileType = file.storyboard; name = Base; path = Base.lproj/LaunchScreen.storyboard; sourceTree = "<group>"; };
		94BCD3E01C7007E30008F7E8 /* Info.plist */ = {isa = PBXFileReference; lastKnownFileType = text.plist.xml; path = Info.plist; sourceTree = "<group>"; };
		94BCD3E51C7007E30008F7E8 /* GroupMeTests.xctest */ = {isa = PBXFileReference; explicitFileType = wrapper.cfbundle; includeInIndex = 0; path = GroupMeTests.xctest; sourceTree = BUILT_PRODUCTS_DIR; };
		94BCD3E91C7007E30008F7E8 /* GroupMeTests.m */ = {isa = PBXFileReference; lastKnownFileType = sourcecode.c.objc; path = GroupMeTests.m; sourceTree = "<group>"; };
		94BCD3EB1C7007E30008F7E8 /* Info.plist */ = {isa = PBXFileReference; lastKnownFileType = text.plist.xml; path = Info.plist; sourceTree = "<group>"; };
		94BCD3F01C7007E30008F7E8 /* GroupMeUITests.xctest */ = {isa = PBXFileReference; explicitFileType = wrapper.cfbundle; includeInIndex = 0; path = GroupMeUITests.xctest; sourceTree = BUILT_PRODUCTS_DIR; };
		94BCD3F41C7007E30008F7E8 /* GroupMeUITests.m */ = {isa = PBXFileReference; lastKnownFileType = sourcecode.c.objc; path = GroupMeUITests.m; sourceTree = "<group>"; };
		94BCD3F61C7007E30008F7E8 /* Info.plist */ = {isa = PBXFileReference; lastKnownFileType = text.plist.xml; path = Info.plist; sourceTree = "<group>"; };
		94BCD4021C7008980008F7E8 /* Constants.plist */ = {isa = PBXFileReference; fileEncoding = 4; lastKnownFileType = text.plist.xml; path = Constants.plist; sourceTree = "<group>"; };
		94BCD4041C7008CB0008F7E8 /* GroupMeAPIManager.h */ = {isa = PBXFileReference; fileEncoding = 4; lastKnownFileType = sourcecode.c.h; path = GroupMeAPIManager.h; sourceTree = "<group>"; };
		94BCD4051C7008CB0008F7E8 /* GroupMeAPIManager.m */ = {isa = PBXFileReference; fileEncoding = 4; lastKnownFileType = sourcecode.c.objc; path = GroupMeAPIManager.m; sourceTree = "<group>"; };
		94BCD4471C700C7F0008F7E8 /* GroupMe WatchKit 1 Extension.appex */ = {isa = PBXFileReference; explicitFileType = "wrapper.app-extension"; includeInIndex = 0; path = "GroupMe WatchKit 1 Extension.appex"; sourceTree = BUILT_PRODUCTS_DIR; };
		94BCD44A1C700C7F0008F7E8 /* PushNotificationPayload.apns */ = {isa = PBXFileReference; lastKnownFileType = text; path = PushNotificationPayload.apns; sourceTree = "<group>"; };
		94BCD44B1C700C7F0008F7E8 /* InterfaceController.h */ = {isa = PBXFileReference; lastKnownFileType = sourcecode.c.h; path = InterfaceController.h; sourceTree = "<group>"; };
		94BCD44C1C700C7F0008F7E8 /* InterfaceController.m */ = {isa = PBXFileReference; lastKnownFileType = sourcecode.c.objc; path = InterfaceController.m; sourceTree = "<group>"; };
		94BCD44E1C700C7F0008F7E8 /* NotificationController.h */ = {isa = PBXFileReference; lastKnownFileType = sourcecode.c.h; path = NotificationController.h; sourceTree = "<group>"; };
		94BCD44F1C700C7F0008F7E8 /* NotificationController.m */ = {isa = PBXFileReference; lastKnownFileType = sourcecode.c.objc; path = NotificationController.m; sourceTree = "<group>"; };
		94BCD4511C700C7F0008F7E8 /* Assets.xcassets */ = {isa = PBXFileReference; lastKnownFileType = folder.assetcatalog; path = Assets.xcassets; sourceTree = "<group>"; };
		94BCD4531C700C7F0008F7E8 /* Info.plist */ = {isa = PBXFileReference; lastKnownFileType = text.plist.xml; path = Info.plist; sourceTree = "<group>"; };
		94BCD4561C700C7F0008F7E8 /* GroupMe WatchKit 1 App.app */ = {isa = PBXFileReference; explicitFileType = wrapper.application; includeInIndex = 0; path = "GroupMe WatchKit 1 App.app"; sourceTree = BUILT_PRODUCTS_DIR; };
		94BCD45C1C700C7F0008F7E8 /* Base */ = {isa = PBXFileReference; lastKnownFileType = file.storyboard; name = Base; path = Base.lproj/Interface.storyboard; sourceTree = "<group>"; };
		94BCD45E1C700C7F0008F7E8 /* Assets.xcassets */ = {isa = PBXFileReference; lastKnownFileType = folder.assetcatalog; path = Assets.xcassets; sourceTree = "<group>"; };
		94BCD4601C700C7F0008F7E8 /* Info.plist */ = {isa = PBXFileReference; lastKnownFileType = text.plist.xml; path = Info.plist; sourceTree = "<group>"; };
		94BCD46B1C700C9D0008F7E8 /* GroupConversationsInterfaceController.h */ = {isa = PBXFileReference; fileEncoding = 4; lastKnownFileType = sourcecode.c.h; path = GroupConversationsInterfaceController.h; sourceTree = "<group>"; };
		94BCD46C1C700C9D0008F7E8 /* GroupConversationsInterfaceController.m */ = {isa = PBXFileReference; fileEncoding = 4; lastKnownFileType = sourcecode.c.objc; path = GroupConversationsInterfaceController.m; sourceTree = "<group>"; };
		94BCD46F1C700CF90008F7E8 /* GroupRowView.h */ = {isa = PBXFileReference; fileEncoding = 4; lastKnownFileType = sourcecode.c.h; path = GroupRowView.h; sourceTree = "<group>"; };
		94BCD4701C700CF90008F7E8 /* GroupRowView.m */ = {isa = PBXFileReference; fileEncoding = 4; lastKnownFileType = sourcecode.c.objc; path = GroupRowView.m; sourceTree = "<group>"; };
		94BCD4711C700CF90008F7E8 /* MyMessagesView.h */ = {isa = PBXFileReference; fileEncoding = 4; lastKnownFileType = sourcecode.c.h; path = MyMessagesView.h; sourceTree = "<group>"; };
		94BCD4721C700CF90008F7E8 /* MyMessagesView.m */ = {isa = PBXFileReference; fileEncoding = 4; lastKnownFileType = sourcecode.c.objc; path = MyMessagesView.m; sourceTree = "<group>"; };
		94BCD4731C700CF90008F7E8 /* OtherPersonMessagesView.h */ = {isa = PBXFileReference; fileEncoding = 4; lastKnownFileType = sourcecode.c.h; path = OtherPersonMessagesView.h; sourceTree = "<group>"; };
		94BCD4741C700CF90008F7E8 /* OtherPersonMessagesView.m */ = {isa = PBXFileReference; fileEncoding = 4; lastKnownFileType = sourcecode.c.objc; path = OtherPersonMessagesView.m; sourceTree = "<group>"; };
		94BCD4791C700F0F0008F7E8 /* Constants.h */ = {isa = PBXFileReference; fileEncoding = 4; lastKnownFileType = sourcecode.c.h; path = Constants.h; sourceTree = "<group>"; };
		94BCD47A1C700F0F0008F7E8 /* Constants.m */ = {isa = PBXFileReference; fileEncoding = 4; lastKnownFileType = sourcecode.c.objc; path = Constants.m; sourceTree = "<group>"; };
/* End PBXFileReference section */

/* Begin PBXFrameworksBuildPhase section */
		94BCD3C91C7007E30008F7E8 /* Frameworks */ = {
			isa = PBXFrameworksBuildPhase;
			buildActionMask = 2147483647;
			files = (
			);
			runOnlyForDeploymentPostprocessing = 0;
		};
		94BCD3E21C7007E30008F7E8 /* Frameworks */ = {
			isa = PBXFrameworksBuildPhase;
			buildActionMask = 2147483647;
			files = (
			);
			runOnlyForDeploymentPostprocessing = 0;
		};
		94BCD3ED1C7007E30008F7E8 /* Frameworks */ = {
			isa = PBXFrameworksBuildPhase;
			buildActionMask = 2147483647;
			files = (
			);
			runOnlyForDeploymentPostprocessing = 0;
		};
		94BCD4441C700C7F0008F7E8 /* Frameworks */ = {
			isa = PBXFrameworksBuildPhase;
			buildActionMask = 2147483647;
			files = (
			);
			runOnlyForDeploymentPostprocessing = 0;
		};
/* End PBXFrameworksBuildPhase section */

/* Begin PBXGroup section */
		94BCD3C31C7007E30008F7E8 = {
			isa = PBXGroup;
			children = (
				94BCD3CE1C7007E30008F7E8 /* GroupMe */,
				94BCD3E81C7007E30008F7E8 /* GroupMeTests */,
				94BCD45A1C700C7F0008F7E8 /* GroupMe WatchKit 1 App */,
				94BCD4481C700C7F0008F7E8 /* GroupMe WatchKit 1 Extension */,
				94BCD3F31C7007E30008F7E8 /* GroupMeUITests */,
				94BCD3CD1C7007E30008F7E8 /* Products */,
			);
			sourceTree = "<group>";
		};
		94BCD3CD1C7007E30008F7E8 /* Products */ = {
			isa = PBXGroup;
			children = (
				94BCD3CC1C7007E30008F7E8 /* GroupMe.app */,
				94BCD3E51C7007E30008F7E8 /* GroupMeTests.xctest */,
				94BCD3F01C7007E30008F7E8 /* GroupMeUITests.xctest */,
				94BCD4471C700C7F0008F7E8 /* GroupMe WatchKit 1 Extension.appex */,
				94BCD4561C700C7F0008F7E8 /* GroupMe WatchKit 1 App.app */,
			);
			name = Products;
			sourceTree = "<group>";
		};
		94BCD3CE1C7007E30008F7E8 /* GroupMe */ = {
			isa = PBXGroup;
			children = (
				94BCD4071C7008D00008F7E8 /* API Manager + Constants */,
				94BCD3D21C7007E30008F7E8 /* AppDelegate.h */,
				94BCD3D31C7007E30008F7E8 /* AppDelegate.m */,
				94BCD3D51C7007E30008F7E8 /* ViewController.h */,
				94BCD3D61C7007E30008F7E8 /* ViewController.m */,
				94BCD3D81C7007E30008F7E8 /* Main.storyboard */,
				94BCD3DB1C7007E30008F7E8 /* Assets.xcassets */,
				94BCD3DD1C7007E30008F7E8 /* LaunchScreen.storyboard */,
				94BCD3E01C7007E30008F7E8 /* Info.plist */,
				94BCD3CF1C7007E30008F7E8 /* Supporting Files */,
			);
			path = GroupMe;
			sourceTree = "<group>";
		};
		94BCD3CF1C7007E30008F7E8 /* Supporting Files */ = {
			isa = PBXGroup;
			children = (
				94BCD3D01C7007E30008F7E8 /* main.m */,
			);
			name = "Supporting Files";
			sourceTree = "<group>";
		};
		94BCD3E81C7007E30008F7E8 /* GroupMeTests */ = {
			isa = PBXGroup;
			children = (
				94BCD3E91C7007E30008F7E8 /* GroupMeTests.m */,
				94BCD3EB1C7007E30008F7E8 /* Info.plist */,
			);
			path = GroupMeTests;
			sourceTree = "<group>";
		};
		94BCD3F31C7007E30008F7E8 /* GroupMeUITests */ = {
			isa = PBXGroup;
			children = (
				94BCD3F41C7007E30008F7E8 /* GroupMeUITests.m */,
				94BCD3F61C7007E30008F7E8 /* Info.plist */,
			);
			path = GroupMeUITests;
			sourceTree = "<group>";
		};
		94BCD4071C7008D00008F7E8 /* API Manager + Constants */ = {
			isa = PBXGroup;
			children = (
				94BCD4041C7008CB0008F7E8 /* GroupMeAPIManager.h */,
				94BCD4051C7008CB0008F7E8 /* GroupMeAPIManager.m */,
				94BCD4021C7008980008F7E8 /* Constants.plist */,
			);
			name = "API Manager + Constants";
			sourceTree = "<group>";
		};
		94BCD4481C700C7F0008F7E8 /* GroupMe WatchKit 1 Extension */ = {
			isa = PBXGroup;
			children = (
				94482C6B1C701EBD0007AA9F /* GroupChatInterfaceController.h */,
				94482C6C1C701EBD0007AA9F /* GroupChatInterfaceController.m */,
				94BCD4791C700F0F0008F7E8 /* Constants.h */,
				94BCD47A1C700F0F0008F7E8 /* Constants.m */,
				94BCD46B1C700C9D0008F7E8 /* GroupConversationsInterfaceController.h */,
				94BCD46C1C700C9D0008F7E8 /* GroupConversationsInterfaceController.m */,
				94BCD46F1C700CF90008F7E8 /* GroupRowView.h */,
				94BCD4701C700CF90008F7E8 /* GroupRowView.m */,
				94BCD4711C700CF90008F7E8 /* MyMessagesView.h */,
				94BCD4721C700CF90008F7E8 /* MyMessagesView.m */,
				94BCD4731C700CF90008F7E8 /* OtherPersonMessagesView.h */,
				94BCD4741C700CF90008F7E8 /* OtherPersonMessagesView.m */,
				94BCD44B1C700C7F0008F7E8 /* InterfaceController.h */,
				94BCD44C1C700C7F0008F7E8 /* InterfaceController.m */,
				94BCD44E1C700C7F0008F7E8 /* NotificationController.h */,
				94BCD44F1C700C7F0008F7E8 /* NotificationController.m */,
				94BCD4511C700C7F0008F7E8 /* Assets.xcassets */,
				94BCD4531C700C7F0008F7E8 /* Info.plist */,
				94BCD4491C700C7F0008F7E8 /* Supporting Files */,
			);
			path = "GroupMe WatchKit 1 Extension";
			sourceTree = "<group>";
		};
		94BCD4491C700C7F0008F7E8 /* Supporting Files */ = {
			isa = PBXGroup;
			children = (
				94BCD44A1C700C7F0008F7E8 /* PushNotificationPayload.apns */,
			);
			name = "Supporting Files";
			sourceTree = "<group>";
		};
		94BCD45A1C700C7F0008F7E8 /* GroupMe WatchKit 1 App */ = {
			isa = PBXGroup;
			children = (
				94BCD45B1C700C7F0008F7E8 /* Interface.storyboard */,
				94BCD45E1C700C7F0008F7E8 /* Assets.xcassets */,
				94BCD4601C700C7F0008F7E8 /* Info.plist */,
			);
			path = "GroupMe WatchKit 1 App";
			sourceTree = "<group>";
		};
/* End PBXGroup section */

/* Begin PBXNativeTarget section */
		94BCD3CB1C7007E30008F7E8 /* GroupMe */ = {
			isa = PBXNativeTarget;
			buildConfigurationList = 94BCD3F91C7007E30008F7E8 /* Build configuration list for PBXNativeTarget "GroupMe" */;
			buildPhases = (
				94BCD3C81C7007E30008F7E8 /* Sources */,
				94BCD3C91C7007E30008F7E8 /* Frameworks */,
				94BCD3CA1C7007E30008F7E8 /* Resources */,
				94BCD46A1C700C7F0008F7E8 /* Embed App Extensions */,
			);
			buildRules = (
			);
			dependencies = (
				94BCD4621C700C7F0008F7E8 /* PBXTargetDependency */,
			);
			name = GroupMe;
			productName = GroupMe;
			productReference = 94BCD3CC1C7007E30008F7E8 /* GroupMe.app */;
			productType = "com.apple.product-type.application";
		};
		94BCD3E41C7007E30008F7E8 /* GroupMeTests */ = {
			isa = PBXNativeTarget;
			buildConfigurationList = 94BCD3FC1C7007E30008F7E8 /* Build configuration list for PBXNativeTarget "GroupMeTests" */;
			buildPhases = (
				94BCD3E11C7007E30008F7E8 /* Sources */,
				94BCD3E21C7007E30008F7E8 /* Frameworks */,
				94BCD3E31C7007E30008F7E8 /* Resources */,
			);
			buildRules = (
			);
			dependencies = (
				94BCD3E71C7007E30008F7E8 /* PBXTargetDependency */,
			);
			name = GroupMeTests;
			productName = GroupMeTests;
			productReference = 94BCD3E51C7007E30008F7E8 /* GroupMeTests.xctest */;
			productType = "com.apple.product-type.bundle.unit-test";
		};
		94BCD3EF1C7007E30008F7E8 /* GroupMeUITests */ = {
			isa = PBXNativeTarget;
			buildConfigurationList = 94BCD3FF1C7007E30008F7E8 /* Build configuration list for PBXNativeTarget "GroupMeUITests" */;
			buildPhases = (
				94BCD3EC1C7007E30008F7E8 /* Sources */,
				94BCD3ED1C7007E30008F7E8 /* Frameworks */,
				94BCD3EE1C7007E30008F7E8 /* Resources */,
			);
			buildRules = (
			);
			dependencies = (
				94BCD3F21C7007E30008F7E8 /* PBXTargetDependency */,
			);
			name = GroupMeUITests;
			productName = GroupMeUITests;
			productReference = 94BCD3F01C7007E30008F7E8 /* GroupMeUITests.xctest */;
			productType = "com.apple.product-type.bundle.ui-testing";
		};
		94BCD4461C700C7F0008F7E8 /* GroupMe WatchKit 1 Extension */ = {
			isa = PBXNativeTarget;
			buildConfigurationList = 94BCD4691C700C7F0008F7E8 /* Build configuration list for PBXNativeTarget "GroupMe WatchKit 1 Extension" */;
			buildPhases = (
				94BCD4431C700C7F0008F7E8 /* Sources */,
				94BCD4441C700C7F0008F7E8 /* Frameworks */,
				94BCD4451C700C7F0008F7E8 /* Resources */,
			);
			buildRules = (
			);
			dependencies = (
				94BCD4591C700C7F0008F7E8 /* PBXTargetDependency */,
			);
			name = "GroupMe WatchKit 1 Extension";
			productName = "GroupMe WatchKit 1 Extension";
			productReference = 94BCD4471C700C7F0008F7E8 /* GroupMe WatchKit 1 Extension.appex */;
			productType = "com.apple.product-type.watchkit-extension";
		};
		94BCD4551C700C7F0008F7E8 /* GroupMe WatchKit 1 App */ = {
			isa = PBXNativeTarget;
			buildConfigurationList = 94BCD4681C700C7F0008F7E8 /* Build configuration list for PBXNativeTarget "GroupMe WatchKit 1 App" */;
			buildPhases = (
				94BCD4541C700C7F0008F7E8 /* Resources */,
			);
			buildRules = (
			);
			dependencies = (
			);
			name = "GroupMe WatchKit 1 App";
			productName = "GroupMe WatchKit 1 App";
			productReference = 94BCD4561C700C7F0008F7E8 /* GroupMe WatchKit 1 App.app */;
			productType = "com.apple.product-type.application.watchapp";
		};
/* End PBXNativeTarget section */

/* Begin PBXProject section */
		94BCD3C41C7007E30008F7E8 /* Project object */ = {
			isa = PBXProject;
			attributes = {
				LastUpgradeCheck = 0720;
				ORGANIZATIONNAME = "Ryan D'souza";
				TargetAttributes = {
					94BCD3CB1C7007E30008F7E8 = {
						CreatedOnToolsVersion = 7.2.1;
						DevelopmentTeam = Q7N3L673D8;
					};
					94BCD3E41C7007E30008F7E8 = {
						CreatedOnToolsVersion = 7.2.1;
						DevelopmentTeam = Q7N3L673D8;
						TestTargetID = 94BCD3CB1C7007E30008F7E8;
					};
					94BCD3EF1C7007E30008F7E8 = {
						CreatedOnToolsVersion = 7.2.1;
						DevelopmentTeam = Q7N3L673D8;
						TestTargetID = 94BCD3CB1C7007E30008F7E8;
					};
					94BCD4461C700C7F0008F7E8 = {
						CreatedOnToolsVersion = 7.2.1;
						DevelopmentTeam = Q7N3L673D8;
					};
					94BCD4551C700C7F0008F7E8 = {
						CreatedOnToolsVersion = 7.2.1;
						DevelopmentTeam = Q7N3L673D8;
					};
				};
			};
			buildConfigurationList = 94BCD3C71C7007E30008F7E8 /* Build configuration list for PBXProject "GroupMe" */;
			compatibilityVersion = "Xcode 3.2";
			developmentRegion = English;
			hasScannedForEncodings = 0;
			knownRegions = (
				en,
				Base,
			);
			mainGroup = 94BCD3C31C7007E30008F7E8;
			productRefGroup = 94BCD3CD1C7007E30008F7E8 /* Products */;
			projectDirPath = "";
			projectRoot = "";
			targets = (
				94BCD3CB1C7007E30008F7E8 /* GroupMe */,
				94BCD3E41C7007E30008F7E8 /* GroupMeTests */,
				94BCD3EF1C7007E30008F7E8 /* GroupMeUITests */,
				94BCD4461C700C7F0008F7E8 /* GroupMe WatchKit 1 Extension */,
				94BCD4551C700C7F0008F7E8 /* GroupMe WatchKit 1 App */,
			);
		};
/* End PBXProject section */

/* Begin PBXResourcesBuildPhase section */
		94BCD3CA1C7007E30008F7E8 /* Resources */ = {
			isa = PBXResourcesBuildPhase;
			buildActionMask = 2147483647;
			files = (
				94BCD3DF1C7007E30008F7E8 /* LaunchScreen.storyboard in Resources */,
				94BCD3DC1C7007E30008F7E8 /* Assets.xcassets in Resources */,
				94BCD4031C7008990008F7E8 /* Constants.plist in Resources */,
				94BCD3DA1C7007E30008F7E8 /* Main.storyboard in Resources */,
			);
			runOnlyForDeploymentPostprocessing = 0;
		};
		94BCD3E31C7007E30008F7E8 /* Resources */ = {
			isa = PBXResourcesBuildPhase;
			buildActionMask = 2147483647;
			files = (
			);
			runOnlyForDeploymentPostprocessing = 0;
		};
		94BCD3EE1C7007E30008F7E8 /* Resources */ = {
			isa = PBXResourcesBuildPhase;
			buildActionMask = 2147483647;
			files = (
			);
			runOnlyForDeploymentPostprocessing = 0;
		};
		94BCD4451C700C7F0008F7E8 /* Resources */ = {
			isa = PBXResourcesBuildPhase;
			buildActionMask = 2147483647;
			files = (
				94BCD4521C700C7F0008F7E8 /* Assets.xcassets in Resources */,
				94BCD4571C700C7F0008F7E8 /* GroupMe WatchKit 1 App.app in Resources */,
			);
			runOnlyForDeploymentPostprocessing = 0;
		};
		94BCD4541C700C7F0008F7E8 /* Resources */ = {
			isa = PBXResourcesBuildPhase;
			buildActionMask = 2147483647;
			files = (
				94BCD45F1C700C7F0008F7E8 /* Assets.xcassets in Resources */,
				94BCD45D1C700C7F0008F7E8 /* Interface.storyboard in Resources */,
			);
			runOnlyForDeploymentPostprocessing = 0;
		};
/* End PBXResourcesBuildPhase section */

/* Begin PBXSourcesBuildPhase section */
		94BCD3C81C7007E30008F7E8 /* Sources */ = {
			isa = PBXSourcesBuildPhase;
			buildActionMask = 2147483647;
			files = (
				94BCD3D71C7007E30008F7E8 /* ViewController.m in Sources */,
				94BCD3D41C7007E30008F7E8 /* AppDelegate.m in Sources */,
				94BCD4061C7008CB0008F7E8 /* GroupMeAPIManager.m in Sources */,
				94BCD3D11C7007E30008F7E8 /* main.m in Sources */,
			);
			runOnlyForDeploymentPostprocessing = 0;
		};
		94BCD3E11C7007E30008F7E8 /* Sources */ = {
			isa = PBXSourcesBuildPhase;
			buildActionMask = 2147483647;
			files = (
				94BCD3EA1C7007E30008F7E8 /* GroupMeTests.m in Sources */,
			);
			runOnlyForDeploymentPostprocessing = 0;
		};
		94BCD3EC1C7007E30008F7E8 /* Sources */ = {
			isa = PBXSourcesBuildPhase;
			buildActionMask = 2147483647;
			files = (
				94BCD3F51C7007E30008F7E8 /* GroupMeUITests.m in Sources */,
			);
			runOnlyForDeploymentPostprocessing = 0;
		};
		94BCD4431C700C7F0008F7E8 /* Sources */ = {
			isa = PBXSourcesBuildPhase;
			buildActionMask = 2147483647;
			files = (
				94BCD4771C700CF90008F7E8 /* MyMessagesView.m in Sources */,
				94BCD46D1C700C9D0008F7E8 /* GroupConversationsInterfaceController.m in Sources */,
				94BCD4781C700CF90008F7E8 /* OtherPersonMessagesView.m in Sources */,
				94482C6D1C701EBD0007AA9F /* GroupChatInterfaceController.m in Sources */,
				94BCD4761C700CF90008F7E8 /* GroupRowView.m in Sources */,
				94BCD4501C700C7F0008F7E8 /* NotificationController.m in Sources */,
				94BCD47B1C700F0F0008F7E8 /* Constants.m in Sources */,
				94BCD44D1C700C7F0008F7E8 /* InterfaceController.m in Sources */,
			);
			runOnlyForDeploymentPostprocessing = 0;
		};
/* End PBXSourcesBuildPhase section */

/* Begin PBXTargetDependency section */
		94BCD3E71C7007E30008F7E8 /* PBXTargetDependency */ = {
			isa = PBXTargetDependency;
			target = 94BCD3CB1C7007E30008F7E8 /* GroupMe */;
			targetProxy = 94BCD3E61C7007E30008F7E8 /* PBXContainerItemProxy */;
		};
		94BCD3F21C7007E30008F7E8 /* PBXTargetDependency */ = {
			isa = PBXTargetDependency;
			target = 94BCD3CB1C7007E30008F7E8 /* GroupMe */;
			targetProxy = 94BCD3F11C7007E30008F7E8 /* PBXContainerItemProxy */;
		};
		94BCD4591C700C7F0008F7E8 /* PBXTargetDependency */ = {
			isa = PBXTargetDependency;
			target = 94BCD4551C700C7F0008F7E8 /* GroupMe WatchKit 1 App */;
			targetProxy = 94BCD4581C700C7F0008F7E8 /* PBXContainerItemProxy */;
		};
		94BCD4621C700C7F0008F7E8 /* PBXTargetDependency */ = {
			isa = PBXTargetDependency;
			target = 94BCD4461C700C7F0008F7E8 /* GroupMe WatchKit 1 Extension */;
			targetProxy = 94BCD4611C700C7F0008F7E8 /* PBXContainerItemProxy */;
		};
/* End PBXTargetDependency section */

/* Begin PBXVariantGroup section */
		94BCD3D81C7007E30008F7E8 /* Main.storyboard */ = {
			isa = PBXVariantGroup;
			children = (
				94BCD3D91C7007E30008F7E8 /* Base */,
			);
			name = Main.storyboard;
			sourceTree = "<group>";
		};
		94BCD3DD1C7007E30008F7E8 /* LaunchScreen.storyboard */ = {
			isa = PBXVariantGroup;
			children = (
				94BCD3DE1C7007E30008F7E8 /* Base */,
			);
			name = LaunchScreen.storyboard;
			sourceTree = "<group>";
		};
		94BCD45B1C700C7F0008F7E8 /* Interface.storyboard */ = {
			isa = PBXVariantGroup;
			children = (
				94BCD45C1C700C7F0008F7E8 /* Base */,
			);
			name = Interface.storyboard;
			sourceTree = "<group>";
		};
/* End PBXVariantGroup section */

/* Begin XCBuildConfiguration section */
		94BCD3F71C7007E30008F7E8 /* Debug */ = {
			isa = XCBuildConfiguration;
			buildSettings = {
				ALWAYS_SEARCH_USER_PATHS = NO;
				CLANG_CXX_LANGUAGE_STANDARD = "gnu++0x";
				CLANG_CXX_LIBRARY = "libc++";
				CLANG_ENABLE_MODULES = YES;
				CLANG_ENABLE_OBJC_ARC = YES;
				CLANG_WARN_BOOL_CONVERSION = YES;
				CLANG_WARN_CONSTANT_CONVERSION = YES;
				CLANG_WARN_DIRECT_OBJC_ISA_USAGE = YES_ERROR;
				CLANG_WARN_EMPTY_BODY = YES;
				CLANG_WARN_ENUM_CONVERSION = YES;
				CLANG_WARN_INT_CONVERSION = YES;
				CLANG_WARN_OBJC_ROOT_CLASS = YES_ERROR;
				CLANG_WARN_UNREACHABLE_CODE = YES;
				CLANG_WARN__DUPLICATE_METHOD_MATCH = YES;
				"CODE_SIGN_IDENTITY[sdk=iphoneos*]" = "iPhone Developer";
				COPY_PHASE_STRIP = NO;
				DEBUG_INFORMATION_FORMAT = dwarf;
				ENABLE_STRICT_OBJC_MSGSEND = YES;
				ENABLE_TESTABILITY = YES;
				GCC_C_LANGUAGE_STANDARD = gnu99;
				GCC_DYNAMIC_NO_PIC = NO;
				GCC_NO_COMMON_BLOCKS = YES;
				GCC_OPTIMIZATION_LEVEL = 0;
				GCC_PREPROCESSOR_DEFINITIONS = (
					"DEBUG=1",
					"$(inherited)",
				);
				GCC_WARN_64_TO_32_BIT_CONVERSION = YES;
				GCC_WARN_ABOUT_RETURN_TYPE = YES_ERROR;
				GCC_WARN_UNDECLARED_SELECTOR = YES;
				GCC_WARN_UNINITIALIZED_AUTOS = YES_AGGRESSIVE;
				GCC_WARN_UNUSED_FUNCTION = YES;
				GCC_WARN_UNUSED_VARIABLE = YES;
				IPHONEOS_DEPLOYMENT_TARGET = 9.2;
				MTL_ENABLE_DEBUG_INFO = YES;
				ONLY_ACTIVE_ARCH = YES;
				SDKROOT = iphoneos;
				TARGETED_DEVICE_FAMILY = "1,2";
			};
			name = Debug;
		};
		94BCD3F81C7007E30008F7E8 /* Release */ = {
			isa = XCBuildConfiguration;
			buildSettings = {
				ALWAYS_SEARCH_USER_PATHS = NO;
				CLANG_CXX_LANGUAGE_STANDARD = "gnu++0x";
				CLANG_CXX_LIBRARY = "libc++";
				CLANG_ENABLE_MODULES = YES;
				CLANG_ENABLE_OBJC_ARC = YES;
				CLANG_WARN_BOOL_CONVERSION = YES;
				CLANG_WARN_CONSTANT_CONVERSION = YES;
				CLANG_WARN_DIRECT_OBJC_ISA_USAGE = YES_ERROR;
				CLANG_WARN_EMPTY_BODY = YES;
				CLANG_WARN_ENUM_CONVERSION = YES;
				CLANG_WARN_INT_CONVERSION = YES;
				CLANG_WARN_OBJC_ROOT_CLASS = YES_ERROR;
				CLANG_WARN_UNREACHABLE_CODE = YES;
				CLANG_WARN__DUPLICATE_METHOD_MATCH = YES;
				"CODE_SIGN_IDENTITY[sdk=iphoneos*]" = "iPhone Developer";
				COPY_PHASE_STRIP = NO;
				DEBUG_INFORMATION_FORMAT = "dwarf-with-dsym";
				ENABLE_NS_ASSERTIONS = NO;
				ENABLE_STRICT_OBJC_MSGSEND = YES;
				GCC_C_LANGUAGE_STANDARD = gnu99;
				GCC_NO_COMMON_BLOCKS = YES;
				GCC_WARN_64_TO_32_BIT_CONVERSION = YES;
				GCC_WARN_ABOUT_RETURN_TYPE = YES_ERROR;
				GCC_WARN_UNDECLARED_SELECTOR = YES;
				GCC_WARN_UNINITIALIZED_AUTOS = YES_AGGRESSIVE;
				GCC_WARN_UNUSED_FUNCTION = YES;
				GCC_WARN_UNUSED_VARIABLE = YES;
				IPHONEOS_DEPLOYMENT_TARGET = 9.2;
				MTL_ENABLE_DEBUG_INFO = NO;
				SDKROOT = iphoneos;
				TARGETED_DEVICE_FAMILY = "1,2";
				VALIDATE_PRODUCT = YES;
			};
			name = Release;
		};
		94BCD3FA1C7007E30008F7E8 /* Debug */ = {
			isa = XCBuildConfiguration;
			buildSettings = {
				ASSETCATALOG_COMPILER_APPICON_NAME = AppIcon;
				INFOPLIST_FILE = GroupMe/Info.plist;
				LD_RUNPATH_SEARCH_PATHS = "$(inherited) @executable_path/Frameworks";
				PRODUCT_BUNDLE_IDENTIFIER = com.ryan.GroupMe;
				PRODUCT_NAME = "$(TARGET_NAME)";
			};
			name = Debug;
		};
		94BCD3FB1C7007E30008F7E8 /* Release */ = {
			isa = XCBuildConfiguration;
			buildSettings = {
				ASSETCATALOG_COMPILER_APPICON_NAME = AppIcon;
				INFOPLIST_FILE = GroupMe/Info.plist;
				LD_RUNPATH_SEARCH_PATHS = "$(inherited) @executable_path/Frameworks";
				PRODUCT_BUNDLE_IDENTIFIER = com.ryan.GroupMe;
				PRODUCT_NAME = "$(TARGET_NAME)";
			};
			name = Release;
		};
		94BCD3FD1C7007E30008F7E8 /* Debug */ = {
			isa = XCBuildConfiguration;
			buildSettings = {
				BUNDLE_LOADER = "$(TEST_HOST)";
				INFOPLIST_FILE = GroupMeTests/Info.plist;
				LD_RUNPATH_SEARCH_PATHS = "$(inherited) @executable_path/Frameworks @loader_path/Frameworks";
				PRODUCT_BUNDLE_IDENTIFIER = com.ryan.GroupMeTests;
				PRODUCT_NAME = "$(TARGET_NAME)";
				TEST_HOST = "$(BUILT_PRODUCTS_DIR)/GroupMe.app/GroupMe";
			};
			name = Debug;
		};
		94BCD3FE1C7007E30008F7E8 /* Release */ = {
			isa = XCBuildConfiguration;
			buildSettings = {
				BUNDLE_LOADER = "$(TEST_HOST)";
				INFOPLIST_FILE = GroupMeTests/Info.plist;
				LD_RUNPATH_SEARCH_PATHS = "$(inherited) @executable_path/Frameworks @loader_path/Frameworks";
				PRODUCT_BUNDLE_IDENTIFIER = com.ryan.GroupMeTests;
				PRODUCT_NAME = "$(TARGET_NAME)";
				TEST_HOST = "$(BUILT_PRODUCTS_DIR)/GroupMe.app/GroupMe";
			};
			name = Release;
		};
		94BCD4001C7007E30008F7E8 /* Debug */ = {
			isa = XCBuildConfiguration;
			buildSettings = {
				INFOPLIST_FILE = GroupMeUITests/Info.plist;
				LD_RUNPATH_SEARCH_PATHS = "$(inherited) @executable_path/Frameworks @loader_path/Frameworks";
				PRODUCT_BUNDLE_IDENTIFIER = com.ryan.GroupMeUITests;
				PRODUCT_NAME = "$(TARGET_NAME)";
				TEST_TARGET_NAME = GroupMe;
				USES_XCTRUNNER = YES;
			};
			name = Debug;
		};
		94BCD4011C7007E30008F7E8 /* Release */ = {
			isa = XCBuildConfiguration;
			buildSettings = {
				INFOPLIST_FILE = GroupMeUITests/Info.plist;
				LD_RUNPATH_SEARCH_PATHS = "$(inherited) @executable_path/Frameworks @loader_path/Frameworks";
				PRODUCT_BUNDLE_IDENTIFIER = com.ryan.GroupMeUITests;
				PRODUCT_NAME = "$(TARGET_NAME)";
				TEST_TARGET_NAME = GroupMe;
				USES_XCTRUNNER = YES;
			};
			name = Release;
		};
		94BCD4641C700C7F0008F7E8 /* Debug */ = {
			isa = XCBuildConfiguration;
			buildSettings = {
				INFOPLIST_FILE = "GroupMe WatchKit 1 Extension/Info.plist";
				LD_RUNPATH_SEARCH_PATHS = "$(inherited) @executable_path/Frameworks @executable_path/../../Frameworks";
				PRODUCT_BUNDLE_IDENTIFIER = com.ryan.GroupMe.watchkitextension;
				PRODUCT_NAME = "${TARGET_NAME}";
				SKIP_INSTALL = YES;
			};
			name = Debug;
		};
		94BCD4651C700C7F0008F7E8 /* Release */ = {
			isa = XCBuildConfiguration;
			buildSettings = {
				INFOPLIST_FILE = "GroupMe WatchKit 1 Extension/Info.plist";
				LD_RUNPATH_SEARCH_PATHS = "$(inherited) @executable_path/Frameworks @executable_path/../../Frameworks";
				PRODUCT_BUNDLE_IDENTIFIER = com.ryan.GroupMe.watchkitextension;
				PRODUCT_NAME = "${TARGET_NAME}";
				SKIP_INSTALL = YES;
			};
			name = Release;
		};
		94BCD4661C700C7F0008F7E8 /* Debug */ = {
			isa = XCBuildConfiguration;
			buildSettings = {
				ASSETCATALOG_COMPILER_APPICON_NAME = AppIcon;
				IBSC_MODULE = GroupMe_WatchKit_1_Extension;
				INFOPLIST_FILE = "GroupMe WatchKit 1 App/Info.plist";
				IPHONEOS_DEPLOYMENT_TARGET = 8.2;
				PRODUCT_BUNDLE_IDENTIFIER = com.ryan.GroupMe.watchkitapp;
				PRODUCT_NAME = "$(TARGET_NAME)";
				SKIP_INSTALL = YES;
				TARGETED_DEVICE_FAMILY = 4;
				"TARGETED_DEVICE_FAMILY[sdk=iphonesimulator*]" = "1,4";
			};
			name = Debug;
		};
		94BCD4671C700C7F0008F7E8 /* Release */ = {
			isa = XCBuildConfiguration;
			buildSettings = {
				ASSETCATALOG_COMPILER_APPICON_NAME = AppIcon;
				IBSC_MODULE = GroupMe_WatchKit_1_Extension;
				INFOPLIST_FILE = "GroupMe WatchKit 1 App/Info.plist";
				IPHONEOS_DEPLOYMENT_TARGET = 8.2;
				PRODUCT_BUNDLE_IDENTIFIER = com.ryan.GroupMe.watchkitapp;
				PRODUCT_NAME = "$(TARGET_NAME)";
				SKIP_INSTALL = YES;
				TARGETED_DEVICE_FAMILY = 4;
				"TARGETED_DEVICE_FAMILY[sdk=iphonesimulator*]" = "1,4";
			};
			name = Release;
		};
/* End XCBuildConfiguration section */

/* Begin XCConfigurationList section */
		94BCD3C71C7007E30008F7E8 /* Build configuration list for PBXProject "GroupMe" */ = {
			isa = XCConfigurationList;
			buildConfigurations = (
				94BCD3F71C7007E30008F7E8 /* Debug */,
				94BCD3F81C7007E30008F7E8 /* Release */,
			);
			defaultConfigurationIsVisible = 0;
			defaultConfigurationName = Release;
		};
		94BCD3F91C7007E30008F7E8 /* Build configuration list for PBXNativeTarget "GroupMe" */ = {
			isa = XCConfigurationList;
			buildConfigurations = (
				94BCD3FA1C7007E30008F7E8 /* Debug */,
				94BCD3FB1C7007E30008F7E8 /* Release */,
			);
			defaultConfigurationIsVisible = 0;
			defaultConfigurationName = Release;
		};
		94BCD3FC1C7007E30008F7E8 /* Build configuration list for PBXNativeTarget "GroupMeTests" */ = {
			isa = XCConfigurationList;
			buildConfigurations = (
				94BCD3FD1C7007E30008F7E8 /* Debug */,
				94BCD3FE1C7007E30008F7E8 /* Release */,
			);
			defaultConfigurationIsVisible = 0;
			defaultConfigurationName = Release;
		};
		94BCD3FF1C7007E30008F7E8 /* Build configuration list for PBXNativeTarget "GroupMeUITests" */ = {
			isa = XCConfigurationList;
			buildConfigurations = (
				94BCD4001C7007E30008F7E8 /* Debug */,
				94BCD4011C7007E30008F7E8 /* Release */,
			);
			defaultConfigurationIsVisible = 0;
			defaultConfigurationName = Release;
		};
		94BCD4681C700C7F0008F7E8 /* Build configuration list for PBXNativeTarget "GroupMe WatchKit 1 App" */ = {
			isa = XCConfigurationList;
			buildConfigurations = (
				94BCD4661C700C7F0008F7E8 /* Debug */,
				94BCD4671C700C7F0008F7E8 /* Release */,
			);
			defaultConfigurationIsVisible = 0;
			defaultConfigurationName = Release;
		};
		94BCD4691C700C7F0008F7E8 /* Build configuration list for PBXNativeTarget "GroupMe WatchKit 1 Extension" */ = {
			isa = XCConfigurationList;
			buildConfigurations = (
				94BCD4641C700C7F0008F7E8 /* Debug */,
				94BCD4651C700C7F0008F7E8 /* Release */,
			);
			defaultConfigurationIsVisible = 0;
			defaultConfigurationName = Release;
		};
/* End XCConfigurationList section */
	};
	rootObject = 94BCD3C41C7007E30008F7E8 /* Project object */;
}
